lockfileVersion: '9.0'

settings:
  autoInstallPeers: true
  excludeLinksFromLockfile: false

importers:

  .:
    dependencies:
      page-flip:
        specifier: 2.0.7
        version: 2.0.7

packages:

  page-flip@2.0.7:
    resolution: {integrity: sha512-96lQFUUz7r/LZzEUZJ3yBIMEKU9+m8HMFDzTvTdD6P7Ag/wXINjp9n0W7b4wanwnDbQETo4uNUoL3zMqpFxwGA==}

snapshots:

  page-flip@2.0.7: {}
